
Microsoft Visual Studio Solution File, Format Version 12.00
# Visual Studio Version 17
VisualStudioVersion = 17.8.34408.163
MinimumVisualStudioVersion = 10.0.40219.1
Project("{FAE04EC0-301F-11D3-BF4B-00C04F79EFBC}") = "RabbitMQ.ESB.Publisher", "RabbitMQ.ESB.Publisher\RabbitMQ.ESB.Publisher.csproj", "{D3F38A7E-EF8F-4584-83C8-DB1D09F72BEC}"
EndProject
Project("{FAE04EC0-301F-11D3-BF4B-00C04F79EFBC}") = "RabbitMQ.ESB.Consumer", "RabbitMQ.ESB.Consumer\RabbitMQ.ESB.Consumer.csproj", "{4D917AC0-ADF8-4430-8A16-CBD312819E42}"
EndProject
Project("{FAE04EC0-301F-11D3-BF4B-00C04F79EFBC}") = "RabbitMQ.ESB.Shared", "RabbitMQ.ESB.Shared\RabbitMQ.ESB.Shared.csproj", "{27211603-056A-4F18-BB07-3D5596180C7C}"
EndProject
Project("{FAE04EC0-301F-11D3-BF4B-00C04F79EFBC}") = "RabbitMQ.ESB.WorkerService.Publisher", "RabbitMQ.ESB.WorkerService.Publisher\RabbitMQ.ESB.WorkerService.Publisher.csproj", "{9281BEF3-C15D-40C3-92A2-00BB67EF83F1}"
EndProject
Project("{FAE04EC0-301F-11D3-BF4B-00C04F79EFBC}") = "RabbitMQ.ESB.WorkerService.Consumer", "RabbitMQ.ESB.WorkerService.Consumer\RabbitMQ.ESB.WorkerService.Consumer.csproj", "{4E1DFC0F-0663-4955-A86B-8F5602CB5BC1}"
EndProject
Global
	GlobalSection(SolutionConfigurationPlatforms) = preSolution
		Debug|Any CPU = Debug|Any CPU
		Release|Any CPU = Release|Any CPU
	EndGlobalSection
	GlobalSection(ProjectConfigurationPlatforms) = postSolution
		{D3F38A7E-EF8F-4584-83C8-DB1D09F72BEC}.Debug|Any CPU.ActiveCfg = Debug|Any CPU
		{D3F38A7E-EF8F-4584-83C8-DB1D09F72BEC}.Debug|Any CPU.Build.0 = Debug|Any CPU
		{D3F38A7E-EF8F-4584-83C8-DB1D09F72BEC}.Release|Any CPU.ActiveCfg = Release|Any CPU
		{D3F38A7E-EF8F-4584-83C8-DB1D09F72BEC}.Release|Any CPU.Build.0 = Release|Any CPU
		{4D917AC0-ADF8-4430-8A16-CBD312819E42}.Debug|Any CPU.ActiveCfg = Debug|Any CPU
		{4D917AC0-ADF8-4430-8A16-CBD312819E42}.Debug|Any CPU.Build.0 = Debug|Any CPU
		{4D917AC0-ADF8-4430-8A16-CBD312819E42}.Release|Any CPU.ActiveCfg = Release|Any CPU
		{4D917AC0-ADF8-4430-8A16-CBD312819E42}.Release|Any CPU.Build.0 = Release|Any CPU
		{27211603-056A-4F18-BB07-3D5596180C7C}.Debug|Any CPU.ActiveCfg = Debug|Any CPU
		{27211603-056A-4F18-BB07-3D5596180C7C}.Debug|Any CPU.Build.0 = Debug|Any CPU
		{27211603-056A-4F18-BB07-3D5596180C7C}.Release|Any CPU.ActiveCfg = Release|Any CPU
		{27211603-056A-4F18-BB07-3D5596180C7C}.Release|Any CPU.Build.0 = Release|Any CPU
		{9281BEF3-C15D-40C3-92A2-00BB67EF83F1}.Debug|Any CPU.ActiveCfg = Debug|Any CPU
		{9281BEF3-C15D-40C3-92A2-00BB67EF83F1}.Debug|Any CPU.Build.0 = Debug|Any CPU
		{9281BEF3-C15D-40C3-92A2-00BB67EF83F1}.Release|Any CPU.ActiveCfg = Release|Any CPU
		{9281BEF3-C15D-40C3-92A2-00BB67EF83F1}.Release|Any CPU.Build.0 = Release|Any CPU
		{4E1DFC0F-0663-4955-A86B-8F5602CB5BC1}.Debug|Any CPU.ActiveCfg = Debug|Any CPU
		{4E1DFC0F-0663-4955-A86B-8F5602CB5BC1}.Debug|Any CPU.Build.0 = Debug|Any CPU
		{4E1DFC0F-0663-4955-A86B-8F5602CB5BC1}.Release|Any CPU.ActiveCfg = Release|Any CPU
		{4E1DFC0F-0663-4955-A86B-8F5602CB5BC1}.Release|Any CPU.Build.0 = Release|Any CPU
	EndGlobalSection
	GlobalSection(SolutionProperties) = preSolution
		HideSolutionNode = FALSE
	EndGlobalSection
	GlobalSection(ExtensibilityGlobals) = postSolution
		SolutionGuid = {55CF6B31-22B1-485A-802A-8EDB07B44048}
	EndGlobalSection
EndGlobal
